
Microsoft Visual Studio Solution File, Format Version 12.00
# Visual Studio 15
VisualStudioVersion = 15.0.26228.4
MinimumVisualStudioVersion = 10.0.40219.1
Project("{FAE04EC0-301F-11D3-BF4B-00C04F79EFBC}") = "BobHSSJJ", "BobHSSJJ\BobHSSJJ.csproj", "{E0BB8591-0277-4F13-BE58-E54BDCFF523B}"
EndProject
Global
	GlobalSection(SolutionConfigurationPlatforms) = preSolution
		Debug|Any CPU = Debug|Any CPU
		Debug|Mixed Platforms = Debug|Mixed Platforms
		Debug|x86 = Debug|x86
		Release|Any CPU = Release|Any CPU
		Release|Mixed Platforms = Release|Mixed Platforms
		Release|x86 = Release|x86
	EndGlobalSection
	GlobalSection(ProjectConfigurationPlatforms) = postSolution
		{E0BB8591-0277-4F13-BE58-E54BDCFF523B}.Debug|Any CPU.ActiveCfg = Debug|x86
		{E0BB8591-0277-4F13-BE58-E54BDCFF523B}.Debug|Any CPU.Build.0 = Debug|x86
		{E0BB8591-0277-4F13-BE58-E54BDCFF523B}.Debug|Mixed Platforms.ActiveCfg = Debug|x86
		{E0BB8591-0277-4F13-BE58-E54BDCFF523B}.Debug|Mixed Platforms.Build.0 = Debug|x86
		{E0BB8591-0277-4F13-BE58-E54BDCFF523B}.Debug|x86.ActiveCfg = Debug|x86
		{E0BB8591-0277-4F13-BE58-E54BDCFF523B}.Debug|x86.Build.0 = Debug|x86
		{E0BB8591-0277-4F13-BE58-E54BDCFF523B}.Release|Any CPU.ActiveCfg = Release|x86
		{E0BB8591-0277-4F13-BE58-E54BDCFF523B}.Release|Any CPU.Build.0 = Release|x86
		{E0BB8591-0277-4F13-BE58-E54BDCFF523B}.Release|Mixed Platforms.ActiveCfg = Release|x86
		{E0BB8591-0277-4F13-BE58-E54BDCFF523B}.Release|Mixed Platforms.Build.0 = Release|x86
		{E0BB8591-0277-4F13-BE58-E54BDCFF523B}.Release|x86.ActiveCfg = Release|x86
		{E0BB8591-0277-4F13-BE58-E54BDCFF523B}.Release|x86.Build.0 = Release|x86
	EndGlobalSection
	GlobalSection(SolutionProperties) = preSolution
		HideSolutionNode = FALSE
	EndGlobalSection
EndGlobal
